
Microsoft Visual Studio Solution File, Format Version 12.00
Project("{FAE04EC0-301F-11D3-BF4B-00C04F79EFBC}") = "LabBill.Shared", "LabBill.Shared\LabBill.Shared.csproj", "{A0097878-2A6E-45F1-818C-79A1D14EDF9D}"
EndProject
Project("{FAE04EC0-301F-11D3-BF4B-00C04F79EFBC}") = "LabBill.Server", "LabBill.Server\LabBill.Server.csproj", "{E058ACC7-9E65-4448-A6C9-99B966AA388D}"
EndProject
Project("{FAE04EC0-301F-11D3-BF4B-00C04F79EFBC}") = "LabBill.Client", "LabBill.Client\LabBill.Client.csproj", "{4E266394-0A54-428B-B3C3-0716BF499B1A}"
EndProject
Global
	GlobalSection(SolutionConfigurationPlatforms) = preSolution
		Debug|Any CPU = Debug|Any CPU
		Release|Any CPU = Release|Any CPU
	EndGlobalSection
	GlobalSection(ProjectConfigurationPlatforms) = postSolution
		{A0097878-2A6E-45F1-818C-79A1D14EDF9D}.Debug|Any CPU.ActiveCfg = Debug|Any CPU
		{A0097878-2A6E-45F1-818C-79A1D14EDF9D}.Debug|Any CPU.Build.0 = Debug|Any CPU
		{A0097878-2A6E-45F1-818C-79A1D14EDF9D}.Release|Any CPU.ActiveCfg = Release|Any CPU
		{A0097878-2A6E-45F1-818C-79A1D14EDF9D}.Release|Any CPU.Build.0 = Release|Any CPU
		{E058ACC7-9E65-4448-A6C9-99B966AA388D}.Debug|Any CPU.ActiveCfg = Debug|Any CPU
		{E058ACC7-9E65-4448-A6C9-99B966AA388D}.Debug|Any CPU.Build.0 = Debug|Any CPU
		{E058ACC7-9E65-4448-A6C9-99B966AA388D}.Release|Any CPU.ActiveCfg = Release|Any CPU
		{E058ACC7-9E65-4448-A6C9-99B966AA388D}.Release|Any CPU.Build.0 = Release|Any CPU
		{4E266394-0A54-428B-B3C3-0716BF499B1A}.Debug|Any CPU.ActiveCfg = Debug|Any CPU
		{4E266394-0A54-428B-B3C3-0716BF499B1A}.Debug|Any CPU.Build.0 = Debug|Any CPU
		{4E266394-0A54-428B-B3C3-0716BF499B1A}.Release|Any CPU.ActiveCfg = Release|Any CPU
		{4E266394-0A54-428B-B3C3-0716BF499B1A}.Release|Any CPU.Build.0 = Release|Any CPU
	EndGlobalSection
EndGlobal
